github.com/gofrs/flock v0.7.1 h1:DP+LD/t0njgoPBvT5MJLeliUIVQR03hiKR6vezdwHlc=
github.com/gofrs/flock v0.7.1/go.mod h1:F1TvTiK9OcQqauNUHlbJvyl9Qa1QvF/gOUDKA14jxHU=
github.com/joncrlsn/dque v0.0.0-20200702023911-3e80e3146ce5 h1:bo1aoO6l128nKJCBrFflOj9s+KPqMM7ErNyB5GGBNDs=
github.com/joncrlsn/dque v0.0.0-20200702023911-3e80e3146ce5/go.mod h1:dNKs71rs2VJGBAmttu7fouEsRQlRjxy0p1Sx+T5wbpY=
github.com/kr/pretty v0.2.0/go.mod h1:ipq/a2n7PKx3OHsz4KJII5eveXtPO4qwEXGdVfWzfnI=
github.com/kr/pty v1.1.1/go.mod h1:pFQYn66WHrOpPYNljwOMqo10TkYh1fy3cYio2l3bCsQ=
github.com/kr/text v0.1.0/go.mod h1:4Jbv+DJW3UT/LiOwJeYQe1efqtUx/iVham/4vfdArNI=
github.com/pkg/errors v0.9.1 h1:FEBLx1zS214owpjy7qsBeixbURkuhQAwrK5UwLGTwt4=
github.com/pkg/errors v0.9.1/go.mod h1:bwawxfHBFNV+L2hUp1rHADufV3IMtnDRdf1r5NINEl0=
github.com/stratoberry/go-gpsd v0.0.0-20161204231141-54ddcfa61f47 h1:VrBVsttOEYT6UQZ0yv0D+Dg+TBPnvDB3bdiNdmiUFsQ=
github.com/stratoberry/go-gpsd v0.0.0-20161204231141-54ddcfa61f47/go.mod h1:AiDv9UF/0tKQBVmL7iojbxXhq36cY1/El3AuhfCK2Co=
gopkg.in/check.v1 v1.0.0-20190902080502-41f04d3bba15/go.mod h1:Co6ibVJAznAaIkqp8huTwlJQCZ016jof/cbN4VW5Yz0=
